
Microsoft Visual Studio Solution File, Format Version 12.00
# Visual Studio Version 17
VisualStudioVersion = 17.11.35312.102
MinimumVisualStudioVersion = 10.0.40219.1
Project("{2150E333-8FDC-42A3-9474-1A3956D46DE8}") = "FrondEnd", "FrondEnd", "{B960DE08-4E92-4764-B223-891FBA637A45}"
EndProject
Project("{2150E333-8FDC-42A3-9474-1A3956D46DE8}") = "Gateway", "Gateway", "{2E04967A-4F76-4C0A-A91F-795ACCFACF71}"
EndProject
Project("{2150E333-8FDC-42A3-9474-1A3956D46DE8}") = "Integration", "Integration", "{9A52F4A3-17DD-4618-9840-2DAB034D3EAB}"
EndProject
Project("{2150E333-8FDC-42A3-9474-1A3956D46DE8}") = "Services", "Services", "{04D13246-50AB-49D2-BBC7-0000C258574C}"
EndProject
Project("{9A19103F-16F7-4668-BE54-9A1E7A4F7556}") = "Service.CouponAPI", "Service.CouponAPI\Service.CouponAPI.csproj", "{EE58FB8F-1D3F-433F-909C-107A6CC032D2}"
EndProject
Project("{FAE04EC0-301F-11D3-BF4B-00C04F79EFBC}") = "Services.AuthAPI", "Services.AuthAPI\Services.AuthAPI.csproj", "{28643CD8-31E2-442C-9365-07F495753A12}"
EndProject
Global
	GlobalSection(SolutionConfigurationPlatforms) = preSolution
		Debug|Any CPU = Debug|Any CPU
		Release|Any CPU = Release|Any CPU
	EndGlobalSection
	GlobalSection(ProjectConfigurationPlatforms) = postSolution
		{EE58FB8F-1D3F-433F-909C-107A6CC032D2}.Debug|Any CPU.ActiveCfg = Debug|Any CPU
		{EE58FB8F-1D3F-433F-909C-107A6CC032D2}.Debug|Any CPU.Build.0 = Debug|Any CPU
		{EE58FB8F-1D3F-433F-909C-107A6CC032D2}.Release|Any CPU.ActiveCfg = Release|Any CPU
		{EE58FB8F-1D3F-433F-909C-107A6CC032D2}.Release|Any CPU.Build.0 = Release|Any CPU
		{28643CD8-31E2-442C-9365-07F495753A12}.Debug|Any CPU.ActiveCfg = Debug|Any CPU
		{28643CD8-31E2-442C-9365-07F495753A12}.Debug|Any CPU.Build.0 = Debug|Any CPU
		{28643CD8-31E2-442C-9365-07F495753A12}.Release|Any CPU.ActiveCfg = Release|Any CPU
		{28643CD8-31E2-442C-9365-07F495753A12}.Release|Any CPU.Build.0 = Release|Any CPU
	EndGlobalSection
	GlobalSection(SolutionProperties) = preSolution
		HideSolutionNode = FALSE
	EndGlobalSection
	GlobalSection(NestedProjects) = preSolution
		{EE58FB8F-1D3F-433F-909C-107A6CC032D2} = {04D13246-50AB-49D2-BBC7-0000C258574C}
		{28643CD8-31E2-442C-9365-07F495753A12} = {04D13246-50AB-49D2-BBC7-0000C258574C}
	EndGlobalSection
	GlobalSection(ExtensibilityGlobals) = postSolution
		SolutionGuid = {AFFFF6C1-3EC7-406C-B1C9-D23EA70BE548}
	EndGlobalSection
EndGlobal
